
Microsoft Visual Studio Solution File, Format Version 12.00
# Visual Studio 15
VisualStudioVersion = 15.0.27703.2042
MinimumVisualStudioVersion = 10.0.40219.1
Project("{FAE04EC0-301F-11D3-BF4B-00C04F79EFBC}") = "WS_LOGIN_COMPRESSED_WEBREF", "SOAP Login FX2\WS_LOGIN_COMPRESSED_WEBREF.csproj", "{8A9BA0F8-8EFD-40C4-B244-1B8A3E4F1805}"
EndProject
Project("{FAE04EC0-301F-11D3-BF4B-00C04F79EFBC}") = "WS_LOGIN_COMPRESSED", "SOAP Login FX4\WS_LOGIN_COMPRESSED.csproj", "{22ADEAE6-D291-4FEC-BC86-30B2275D3CE3}"
EndProject
Global
	GlobalSection(SolutionConfigurationPlatforms) = preSolution
		Debug|x86 = Debug|x86
		Release|x86 = Release|x86
	EndGlobalSection
	GlobalSection(ProjectConfigurationPlatforms) = postSolution
		{8A9BA0F8-8EFD-40C4-B244-1B8A3E4F1805}.Debug|x86.ActiveCfg = Debug|x86
		{8A9BA0F8-8EFD-40C4-B244-1B8A3E4F1805}.Debug|x86.Build.0 = Debug|x86
		{8A9BA0F8-8EFD-40C4-B244-1B8A3E4F1805}.Release|x86.ActiveCfg = Release|x86
		{8A9BA0F8-8EFD-40C4-B244-1B8A3E4F1805}.Release|x86.Build.0 = Release|x86
		{22ADEAE6-D291-4FEC-BC86-30B2275D3CE3}.Debug|x86.ActiveCfg = Debug|x86
		{22ADEAE6-D291-4FEC-BC86-30B2275D3CE3}.Debug|x86.Build.0 = Debug|x86
		{22ADEAE6-D291-4FEC-BC86-30B2275D3CE3}.Release|x86.ActiveCfg = Release|x86
		{22ADEAE6-D291-4FEC-BC86-30B2275D3CE3}.Release|x86.Build.0 = Release|x86
	EndGlobalSection
	GlobalSection(SolutionProperties) = preSolution
		HideSolutionNode = FALSE
	EndGlobalSection
	GlobalSection(ExtensibilityGlobals) = postSolution
		SolutionGuid = {C667945A-8A62-488C-9F0F-6A56E01AFD8B}
	EndGlobalSection
EndGlobal
